// !$*UTF8*$!
{
	archiveVersion = 1;
	classes = {
	};
	objectVersion = 46;
	objects = {

/* Begin PBXBuildFile section */
		89C43741D1794971A7BFFDE0 /* libPods.a in Frameworks */ = {isa = PBXBuildFile; fileRef = FFC8AC9E8BD144D6B279E990 /* libPods.a */; };
		D04B8CCE1928131500D113D1 /* JSTArtistSearchViewController.m in Sources */ = {isa = PBXBuildFile; fileRef = D04B8CCD1928131500D113D1 /* JSTArtistSearchViewController.m */; };
		D04B8CD31928155000D113D1 /* JSTMusicGraphAPI.m in Sources */ = {isa = PBXBuildFile; fileRef = D04B8CD21928155000D113D1 /* JSTMusicGraphAPI.m */; };
		D0AB2C9A19280FA500913CC0 /* Foundation.framework in Frameworks */ = {isa = PBXBuildFile; fileRef = D0AB2C9919280FA500913CC0 /* Foundation.framework */; };
		D0AB2C9C19280FA500913CC0 /* CoreGraphics.framework in Frameworks */ = {isa = PBXBuildFile; fileRef = D0AB2C9B19280FA500913CC0 /* CoreGraphics.framework */; };
		D0AB2C9E19280FA500913CC0 /* UIKit.framework in Frameworks */ = {isa = PBXBuildFile; fileRef = D0AB2C9D19280FA500913CC0 /* UIKit.framework */; };
		D0AB2CA419280FA500913CC0 /* InfoPlist.strings in Resources */ = {isa = PBXBuildFile; fileRef = D0AB2CA219280FA500913CC0 /* InfoPlist.strings */; };
		D0AB2CA619280FA500913CC0 /* main.m in Sources */ = {isa = PBXBuildFile; fileRef = D0AB2CA519280FA500913CC0 /* main.m */; };
		D0AB2CAA19280FA500913CC0 /* JSTAppDelegate.m in Sources */ = {isa = PBXBuildFile; fileRef = D0AB2CA919280FA500913CC0 /* JSTAppDelegate.m */; };
		D0AB2CAD19280FA500913CC0 /* Main.storyboard in Resources */ = {isa = PBXBuildFile; fileRef = D0AB2CAB19280FA500913CC0 /* Main.storyboard */; };
		D0AB2CB219280FA500913CC0 /* Images.xcassets in Resources */ = {isa = PBXBuildFile; fileRef = D0AB2CB119280FA500913CC0 /* Images.xcassets */; };
		D0AB2CB919280FA500913CC0 /* XCTest.framework in Frameworks */ = {isa = PBXBuildFile; fileRef = D0AB2CB819280FA500913CC0 /* XCTest.framework */; };
		D0AB2CBA19280FA500913CC0 /* Foundation.framework in Frameworks */ = {isa = PBXBuildFile; fileRef = D0AB2C9919280FA500913CC0 /* Foundation.framework */; };
		D0AB2CBB19280FA500913CC0 /* UIKit.framework in Frameworks */ = {isa = PBXBuildFile; fileRef = D0AB2C9D19280FA500913CC0 /* UIKit.framework */; };
		D0AB2CC319280FA500913CC0 /* InfoPlist.strings in Resources */ = {isa = PBXBuildFile; fileRef = D0AB2CC119280FA500913CC0 /* InfoPlist.strings */; };
		D0AB2CC519280FA500913CC0 /* SocialMusicTests.m in Sources */ = {isa = PBXBuildFile; fileRef = D0AB2CC419280FA500913CC0 /* SocialMusicTests.m */; };
		D0D6D0B01928251000BB3F0B /* JSTArtistAlbumListTableViewController.m in Sources */ = {isa = PBXBuildFile; fileRef = D0D6D0AF1928251000BB3F0B /* JSTArtistAlbumListTableViewController.m */; };
		D0D6D0B31928252D00BB3F0B /* JSTArtistSocialMentionsTableViewController.m in Sources */ = {isa = PBXBuildFile; fileRef = D0D6D0B21928252D00BB3F0B /* JSTArtistSocialMentionsTableViewController.m */; };
		D0D6D0B619282AF100BB3F0B /* JSTMusicGraphArtist.m in Sources */ = {isa = PBXBuildFile; fileRef = D0D6D0B519282AF100BB3F0B /* JSTMusicGraphArtist.m */; };
		D0D6D0B919282B1400BB3F0B /* JSTMusicGraphAlbum.m in Sources */ = {isa = PBXBuildFile; fileRef = D0D6D0B819282B1400BB3F0B /* JSTMusicGraphAlbum.m */; };
		D0DA9FDA1928183A00789033 /* JSTAPIRequestsForwarding.m in Sources */ = {isa = PBXBuildFile; fileRef = D0DA9FD91928183A00789033 /* JSTAPIRequestsForwarding.m */; };
/* End PBXBuildFile section */

/* Begin PBXContainerItemProxy section */
		D0AB2CBC19280FA500913CC0 /* PBXContainerItemProxy */ = {
			isa = PBXContainerItemProxy;
			containerPortal = D0AB2C8E19280FA500913CC0 /* Project object */;
			proxyType = 1;
			remoteGlobalIDString = D0AB2C9519280FA500913CC0;
			remoteInfo = SocialMusic;
		};
/* End PBXContainerItemProxy section */

/* Begin PBXFileReference section */
		339EED816E444851A3A36DEA /* Pods.xcconfig */ = {isa = PBXFileReference; includeInIndex = 1; lastKnownFileType = text.xcconfig; name = Pods.xcconfig; path = Pods/Pods.xcconfig; sourceTree = "<group>"; };
		D04B8CCC1928131500D113D1 /* JSTArtistSearchViewController.h */ = {isa = PBXFileReference; fileEncoding = 4; lastKnownFileType = sourcecode.c.h; path = JSTArtistSearchViewController.h; sourceTree = "<group>"; };
		D04B8CCD1928131500D113D1 /* JSTArtistSearchViewController.m */ = {isa = PBXFileReference; fileEncoding = 4; lastKnownFileType = sourcecode.c.objc; path = JSTArtistSearchViewController.m; sourceTree = "<group>"; };
		D04B8CD11928155000D113D1 /* JSTMusicGraphAPI.h */ = {isa = PBXFileReference; fileEncoding = 4; lastKnownFileType = sourcecode.c.h; path = JSTMusicGraphAPI.h; sourceTree = "<group>"; };
		D04B8CD21928155000D113D1 /* JSTMusicGraphAPI.m */ = {isa = PBXFileReference; fileEncoding = 4; lastKnownFileType = sourcecode.c.objc; path = JSTMusicGraphAPI.m; sourceTree = "<group>"; };
		D0AB2C9619280FA500913CC0 /* SocialMusic.app */ = {isa = PBXFileReference; explicitFileType = wrapper.application; includeInIndex = 0; path = SocialMusic.app; sourceTree = BUILT_PRODUCTS_DIR; };
		D0AB2C9919280FA500913CC0 /* Foundation.framework */ = {isa = PBXFileReference; lastKnownFileType = wrapper.framework; name = Foundation.framework; path = System/Library/Frameworks/Foundation.framework; sourceTree = SDKROOT; };
		D0AB2C9B19280FA500913CC0 /* CoreGraphics.framework */ = {isa = PBXFileReference; lastKnownFileType = wrapper.framework; name = CoreGraphics.framework; path = System/Library/Frameworks/CoreGraphics.framework; sourceTree = SDKROOT; };
		D0AB2C9D19280FA500913CC0 /* UIKit.framework */ = {isa = PBXFileReference; lastKnownFileType = wrapper.framework; name = UIKit.framework; path = System/Library/Frameworks/UIKit.framework; sourceTree = SDKROOT; };
		D0AB2CA119280FA500913CC0 /* SocialMusic-Info.plist */ = {isa = PBXFileReference; lastKnownFileType = text.plist.xml; path = "SocialMusic-Info.plist"; sourceTree = "<group>"; };
		D0AB2CA319280FA500913CC0 /* en */ = {isa = PBXFileReference; lastKnownFileType = text.plist.strings; name = en; path = en.lproj/InfoPlist.strings; sourceTree = "<group>"; };
		D0AB2CA519280FA500913CC0 /* main.m */ = {isa = PBXFileReference; lastKnownFileType = sourcecode.c.objc; path = main.m; sourceTree = "<group>"; };
		D0AB2CA719280FA500913CC0 /* SocialMusic-Prefix.pch */ = {isa = PBXFileReference; lastKnownFileType = sourcecode.c.h; path = "SocialMusic-Prefix.pch"; sourceTree = "<group>"; };
		D0AB2CA819280FA500913CC0 /* JSTAppDelegate.h */ = {isa = PBXFileReference; lastKnownFileType = sourcecode.c.h; path = JSTAppDelegate.h; sourceTree = "<group>"; };
		D0AB2CA919280FA500913CC0 /* JSTAppDelegate.m */ = {isa = PBXFileReference; lastKnownFileType = sourcecode.c.objc; path = JSTAppDelegate.m; sourceTree = "<group>"; };
		D0AB2CAC19280FA500913CC0 /* Base */ = {isa = PBXFileReference; lastKnownFileType = file.storyboard; name = Base; path = Base.lproj/Main.storyboard; sourceTree = "<group>"; };
		D0AB2CB119280FA500913CC0 /* Images.xcassets */ = {isa = PBXFileReference; lastKnownFileType = folder.assetcatalog; path = Images.xcassets; sourceTree = "<group>"; };
		D0AB2CB719280FA500913CC0 /* SocialMusicTests.xctest */ = {isa = PBXFileReference; explicitFileType = wrapper.cfbundle; includeInIndex = 0; path = SocialMusicTests.xctest; sourceTree = BUILT_PRODUCTS_DIR; };
		D0AB2CB819280FA500913CC0 /* XCTest.framework */ = {isa = PBXFileReference; lastKnownFileType = wrapper.framework; name = XCTest.framework; path = Library/Frameworks/XCTest.framework; sourceTree = DEVELOPER_DIR; };
		D0AB2CC019280FA500913CC0 /* SocialMusicTests-Info.plist */ = {isa = PBXFileReference; lastKnownFileType = text.plist.xml; path = "SocialMusicTests-Info.plist"; sourceTree = "<group>"; };
		D0AB2CC219280FA500913CC0 /* en */ = {isa = PBXFileReference; lastKnownFileType = text.plist.strings; name = en; path = en.lproj/InfoPlist.strings; sourceTree = "<group>"; };
		D0AB2CC419280FA500913CC0 /* SocialMusicTests.m */ = {isa = PBXFileReference; lastKnownFileType = sourcecode.c.objc; path = SocialMusicTests.m; sourceTree = "<group>"; };
		D0D6D0AD1928242D00BB3F0B /* JSTArtistInfoViewController.h */ = {isa = PBXFileReference; lastKnownFileType = sourcecode.c.h; path = JSTArtistInfoViewController.h; sourceTree = "<group>"; };
		D0D6D0AE1928251000BB3F0B /* JSTArtistAlbumListTableViewController.h */ = {isa = PBXFileReference; fileEncoding = 4; lastKnownFileType = sourcecode.c.h; path = JSTArtistAlbumListTableViewController.h; sourceTree = "<group>"; };
		D0D6D0AF1928251000BB3F0B /* JSTArtistAlbumListTableViewController.m */ = {isa = PBXFileReference; fileEncoding = 4; lastKnownFileType = sourcecode.c.objc; path = JSTArtistAlbumListTableViewController.m; sourceTree = "<group>"; };
		D0D6D0B11928252D00BB3F0B /* JSTArtistSocialMentionsTableViewController.h */ = {isa = PBXFileReference; fileEncoding = 4; lastKnownFileType = sourcecode.c.h; path = JSTArtistSocialMentionsTableViewController.h; sourceTree = "<group>"; };
		D0D6D0B21928252D00BB3F0B /* JSTArtistSocialMentionsTableViewController.m */ = {isa = PBXFileReference; fileEncoding = 4; lastKnownFileType = sourcecode.c.objc; path = JSTArtistSocialMentionsTableViewController.m; sourceTree = "<group>"; };
		D0D6D0B419282AF100BB3F0B /* JSTMusicGraphArtist.h */ = {isa = PBXFileReference; fileEncoding = 4; lastKnownFileType = sourcecode.c.h; path = JSTMusicGraphArtist.h; sourceTree = "<group>"; };
		D0D6D0B519282AF100BB3F0B /* JSTMusicGraphArtist.m */ = {isa = PBXFileReference; fileEncoding = 4; lastKnownFileType = sourcecode.c.objc; path = JSTMusicGraphArtist.m; sourceTree = "<group>"; };
		D0D6D0B719282B1400BB3F0B /* JSTMusicGraphAlbum.h */ = {isa = PBXFileReference; fileEncoding = 4; lastKnownFileType = sourcecode.c.h; path = JSTMusicGraphAlbum.h; sourceTree = "<group>"; };
		D0D6D0B819282B1400BB3F0B /* JSTMusicGraphAlbum.m */ = {isa = PBXFileReference; fileEncoding = 4; lastKnownFileType = sourcecode.c.objc; path = JSTMusicGraphAlbum.m; sourceTree = "<group>"; };
		D0DA9FD91928183A00789033 /* JSTAPIRequestsForwarding.m */ = {isa = PBXFileReference; fileEncoding = 4; lastKnownFileType = sourcecode.c.objc; path = JSTAPIRequestsForwarding.m; sourceTree = "<group>"; };
		FFC8AC9E8BD144D6B279E990 /* libPods.a */ = {isa = PBXFileReference; explicitFileType = archive.ar; includeInIndex = 0; path = libPods.a; sourceTree = BUILT_PRODUCTS_DIR; };
/* End PBXFileReference section */

/* Begin PBXFrameworksBuildPhase section */
		D0AB2C9319280FA500913CC0 /* Frameworks */ = {
			isa = PBXFrameworksBuildPhase;
			buildActionMask = 2147483647;
			files = (
				D0AB2C9C19280FA500913CC0 /* CoreGraphics.framework in Frameworks */,
				D0AB2C9E19280FA500913CC0 /* UIKit.framework in Frameworks */,
				D0AB2C9A19280FA500913CC0 /* Foundation.framework in Frameworks */,
				89C43741D1794971A7BFFDE0 /* libPods.a in Frameworks */,
			);
			runOnlyForDeploymentPostprocessing = 0;
		};
		D0AB2CB419280FA500913CC0 /* Frameworks */ = {
			isa = PBXFrameworksBuildPhase;
			buildActionMask = 2147483647;
			files = (
				D0AB2CB919280FA500913CC0 /* XCTest.framework in Frameworks */,
				D0AB2CBB19280FA500913CC0 /* UIKit.framework in Frameworks */,
				D0AB2CBA19280FA500913CC0 /* Foundation.framework in Frameworks */,
			);
			runOnlyForDeploymentPostprocessing = 0;
		};
/* End PBXFrameworksBuildPhase section */

/* Begin PBXGroup section */
		D04B8CCF1928131B00D113D1 /* ViewControllers */ = {
			isa = PBXGroup;
			children = (
				D04B8CCC1928131500D113D1 /* JSTArtistSearchViewController.h */,
				D04B8CCD1928131500D113D1 /* JSTArtistSearchViewController.m */,
				D0D6D0AD1928242D00BB3F0B /* JSTArtistInfoViewController.h */,
				D0D6D0AE1928251000BB3F0B /* JSTArtistAlbumListTableViewController.h */,
				D0D6D0AF1928251000BB3F0B /* JSTArtistAlbumListTableViewController.m */,
				D0D6D0B11928252D00BB3F0B /* JSTArtistSocialMentionsTableViewController.h */,
				D0D6D0B21928252D00BB3F0B /* JSTArtistSocialMentionsTableViewController.m */,
				D0D6D0BA19282E4600BB3F0B /* Cells */,
			);
			name = ViewControllers;
			sourceTree = "<group>";
		};
		D04B8CD0192814BC00D113D1 /* APIs */ = {
			isa = PBXGroup;
			children = (
				D04B8CD11928155000D113D1 /* JSTMusicGraphAPI.h */,
				D04B8CD21928155000D113D1 /* JSTMusicGraphAPI.m */,
				D0D6D0B419282AF100BB3F0B /* JSTMusicGraphArtist.h */,
				D0D6D0B519282AF100BB3F0B /* JSTMusicGraphArtist.m */,
				D0D6D0B719282B1400BB3F0B /* JSTMusicGraphAlbum.h */,
				D0D6D0B819282B1400BB3F0B /* JSTMusicGraphAlbum.m */,
			);
			name = APIs;
			sourceTree = "<group>";
		};
		D0AB2C8D19280FA500913CC0 = {
			isa = PBXGroup;
			children = (
				D0AB2C9F19280FA500913CC0 /* SocialMusic */,
				D0AB2CBE19280FA500913CC0 /* SocialMusicTests */,
				D0AB2C9819280FA500913CC0 /* Frameworks */,
				D0AB2C9719280FA500913CC0 /* Products */,
				339EED816E444851A3A36DEA /* Pods.xcconfig */,
			);
			sourceTree = "<group>";
		};
		D0AB2C9719280FA500913CC0 /* Products */ = {
			isa = PBXGroup;
			children = (
				D0AB2C9619280FA500913CC0 /* SocialMusic.app */,
				D0AB2CB719280FA500913CC0 /* SocialMusicTests.xctest */,
			);
			name = Products;
			sourceTree = "<group>";
		};
		D0AB2C9819280FA500913CC0 /* Frameworks */ = {
			isa = PBXGroup;
			children = (
				D0AB2C9919280FA500913CC0 /* Foundation.framework */,
				D0AB2C9B19280FA500913CC0 /* CoreGraphics.framework */,
				D0AB2C9D19280FA500913CC0 /* UIKit.framework */,
				D0AB2CB819280FA500913CC0 /* XCTest.framework */,
				FFC8AC9E8BD144D6B279E990 /* libPods.a */,
			);
			name = Frameworks;
			sourceTree = "<group>";
		};
		D0AB2C9F19280FA500913CC0 /* SocialMusic */ = {
			isa = PBXGroup;
			children = (
				D0AB2CA819280FA500913CC0 /* JSTAppDelegate.h */,
				D0AB2CA919280FA500913CC0 /* JSTAppDelegate.m */,
				D0DA9FD91928183A00789033 /* JSTAPIRequestsForwarding.m */,
				D0AB2CAB19280FA500913CC0 /* Main.storyboard */,
				D04B8CCF1928131B00D113D1 /* ViewControllers */,
				D04B8CD0192814BC00D113D1 /* APIs */,
				D0AB2CB119280FA500913CC0 /* Images.xcassets */,
				D0AB2CA019280FA500913CC0 /* Supporting Files */,
			);
			path = SocialMusic;
			sourceTree = "<group>";
		};
		D0AB2CA019280FA500913CC0 /* Supporting Files */ = {
			isa = PBXGroup;
			children = (
				D0AB2CA119280FA500913CC0 /* SocialMusic-Info.plist */,
				D0AB2CA219280FA500913CC0 /* InfoPlist.strings */,
				D0AB2CA519280FA500913CC0 /* main.m */,
				D0AB2CA719280FA500913CC0 /* SocialMusic-Prefix.pch */,
			);
			name = "Supporting Files";
			sourceTree = "<group>";
		};
		D0AB2CBE19280FA500913CC0 /* SocialMusicTests */ = {
			isa = PBXGroup;
			children = (
				D0AB2CC419280FA500913CC0 /* SocialMusicTests.m */,
				D0AB2CBF19280FA500913CC0 /* Supporting Files */,
			);
			path = SocialMusicTests;
			sourceTree = "<group>";
		};
		D0AB2CBF19280FA500913CC0 /* Supporting Files */ = {
			isa = PBXGroup;
			children = (
				D0AB2CC019280FA500913CC0 /* SocialMusicTests-Info.plist */,
				D0AB2CC119280FA500913CC0 /* InfoPlist.strings */,
			);
			name = "Supporting Files";
			sourceTree = "<group>";
		};
		D0D6D0BA19282E4600BB3F0B /* Cells */ = {
			isa = PBXGroup;
			children = (
			);
			name = Cells;
			sourceTree = "<group>";
		};
/* End PBXGroup section */

/* Begin PBXNativeTarget section */
		D0AB2C9519280FA500913CC0 /* SocialMusic */ = {
			isa = PBXNativeTarget;
			buildConfigurationList = D0AB2CC819280FA500913CC0 /* Build configuration list for PBXNativeTarget "SocialMusic" */;
			buildPhases = (
				1F62A444A77E4BBCB71CED92 /* Check Pods Manifest.lock */,
				D0AB2C9219280FA500913CC0 /* Sources */,
				D0AB2C9319280FA500913CC0 /* Frameworks */,
				D0AB2C9419280FA500913CC0 /* Resources */,
				CB457433BDB24A39B581A4EA /* Copy Pods Resources */,
			);
			buildRules = (
			);
			dependencies = (
			);
			name = SocialMusic;
			productName = SocialMusic;
			productReference = D0AB2C9619280FA500913CC0 /* SocialMusic.app */;
			productType = "com.apple.product-type.application";
		};
		D0AB2CB619280FA500913CC0 /* SocialMusicTests */ = {
			isa = PBXNativeTarget;
			buildConfigurationList = D0AB2CCB19280FA500913CC0 /* Build configuration list for PBXNativeTarget "SocialMusicTests" */;
			buildPhases = (
				D0AB2CB319280FA500913CC0 /* Sources */,
				D0AB2CB419280FA500913CC0 /* Frameworks */,
				D0AB2CB519280FA500913CC0 /* Resources */,
			);
			buildRules = (
			);
			dependencies = (
				D0AB2CBD19280FA500913CC0 /* PBXTargetDependency */,
			);
			name = SocialMusicTests;
			productName = SocialMusicTests;
			productReference = D0AB2CB719280FA500913CC0 /* SocialMusicTests.xctest */;
			productType = "com.apple.product-type.bundle.unit-test";
		};
/* End PBXNativeTarget section */

/* Begin PBXProject section */
		D0AB2C8E19280FA500913CC0 /* Project object */ = {
			isa = PBXProject;
			attributes = {
				CLASSPREFIX = JST;
				LastUpgradeCheck = 0510;
				ORGANIZATIONNAME = "Javier Soto";
				TargetAttributes = {
					D0AB2C9519280FA500913CC0 = {
						DevelopmentTeam = 6V6XY979JQ;
					};
					D0AB2CB619280FA500913CC0 = {
						TestTargetID = D0AB2C9519280FA500913CC0;
					};
				};
			};
			buildConfigurationList = D0AB2C9119280FA500913CC0 /* Build configuration list for PBXProject "SocialMusic" */;
			compatibilityVersion = "Xcode 3.2";
			developmentRegion = English;
			hasScannedForEncodings = 0;
			knownRegions = (
				en,
				Base,
			);
			mainGroup = D0AB2C8D19280FA500913CC0;
			productRefGroup = D0AB2C9719280FA500913CC0 /* Products */;
			projectDirPath = "";
			projectRoot = "";
			targets = (
				D0AB2C9519280FA500913CC0 /* SocialMusic */,
				D0AB2CB619280FA500913CC0 /* SocialMusicTests */,
			);
		};
/* End PBXProject section */

/* Begin PBXResourcesBuildPhase section */
		D0AB2C9419280FA500913CC0 /* Resources */ = {
			isa = PBXResourcesBuildPhase;
			buildActionMask = 2147483647;
			files = (
				D0AB2CB219280FA500913CC0 /* Images.xcassets in Resources */,
				D0AB2CA419280FA500913CC0 /* InfoPlist.strings in Resources */,
				D0AB2CAD19280FA500913CC0 /* Main.storyboard in Resources */,
			);
			runOnlyForDeploymentPostprocessing = 0;
		};
		D0AB2CB519280FA500913CC0 /* Resources */ = {
			isa = PBXResourcesBuildPhase;
			buildActionMask = 2147483647;
			files = (
				D0AB2CC319280FA500913CC0 /* InfoPlist.strings in Resources */,
			);
			runOnlyForDeploymentPostprocessing = 0;
		};
/* End PBXResourcesBuildPhase section */

/* Begin PBXShellScriptBuildPhase section */
		1F62A444A77E4BBCB71CED92 /* Check Pods Manifest.lock */ = {
			isa = PBXShellScriptBuildPhase;
			buildActionMask = 2147483647;
			files = (
			);
			inputPaths = (
			);
			name = "Check Pods Manifest.lock";
			outputPaths = (
			);
			runOnlyForDeploymentPostprocessing = 0;
			shellPath = /bin/sh;
			shellScript = "diff \"${PODS_ROOT}/../Podfile.lock\" \"${PODS_ROOT}/Manifest.lock\" > /dev/null\nif [[ $? != 0 ]] ; then\n    cat << EOM\nerror: The sandbox is not in sync with the Podfile.lock. Run 'pod install' or update your CocoaPods installation.\nEOM\n    exit 1\nfi\n";
			showEnvVarsInLog = 0;
		};
		CB457433BDB24A39B581A4EA /* Copy Pods Resources */ = {
			isa = PBXShellScriptBuildPhase;
			buildActionMask = 2147483647;
			files = (
			);
			inputPaths = (
			);
			name = "Copy Pods Resources";
			outputPaths = (
			);
			runOnlyForDeploymentPostprocessing = 0;
			shellPath = /bin/sh;
			shellScript = "\"${SRCROOT}/Pods/Pods-resources.sh\"\n";
			showEnvVarsInLog = 0;
		};
/* End PBXShellScriptBuildPhase section */

/* Begin PBXSourcesBuildPhase section */
		D0AB2C9219280FA500913CC0 /* Sources */ = {
			isa = PBXSourcesBuildPhase;
			buildActionMask = 2147483647;
			files = (
				D0AB2CAA19280FA500913CC0 /* JSTAppDelegate.m in Sources */,
				D04B8CCE1928131500D113D1 /* JSTArtistSearchViewController.m in Sources */,
				D0D6D0B31928252D00BB3F0B /* JSTArtistSocialMentionsTableViewController.m in Sources */,
				D0D6D0B919282B1400BB3F0B /* JSTMusicGraphAlbum.m in Sources */,
				D0D6D0B619282AF100BB3F0B /* JSTMusicGraphArtist.m in Sources */,
				D0D6D0B01928251000BB3F0B /* JSTArtistAlbumListTableViewController.m in Sources */,
				D0AB2CA619280FA500913CC0 /* main.m in Sources */,
				D04B8CD31928155000D113D1 /* JSTMusicGraphAPI.m in Sources */,
				D0DA9FDA1928183A00789033 /* JSTAPIRequestsForwarding.m in Sources */,
			);
			runOnlyForDeploymentPostprocessing = 0;
		};
		D0AB2CB319280FA500913CC0 /* Sources */ = {
			isa = PBXSourcesBuildPhase;
			buildActionMask = 2147483647;
			files = (
				D0AB2CC519280FA500913CC0 /* SocialMusicTests.m in Sources */,
			);
			runOnlyForDeploymentPostprocessing = 0;
		};
/* End PBXSourcesBuildPhase section */

/* Begin PBXTargetDependency section */
		D0AB2CBD19280FA500913CC0 /* PBXTargetDependency */ = {
			isa = PBXTargetDependency;
			target = D0AB2C9519280FA500913CC0 /* SocialMusic */;
			targetProxy = D0AB2CBC19280FA500913CC0 /* PBXContainerItemProxy */;
		};
/* End PBXTargetDependency section */

/* Begin PBXVariantGroup section */
		D0AB2CA219280FA500913CC0 /* InfoPlist.strings */ = {
			isa = PBXVariantGroup;
			children = (
				D0AB2CA319280FA500913CC0 /* en */,
			);
			name = InfoPlist.strings;
			sourceTree = "<group>";
		};
		D0AB2CAB19280FA500913CC0 /* Main.storyboard */ = {
			isa = PBXVariantGroup;
			children = (
				D0AB2CAC19280FA500913CC0 /* Base */,
			);
			name = Main.storyboard;
			sourceTree = "<group>";
		};
		D0AB2CC119280FA500913CC0 /* InfoPlist.strings */ = {
			isa = PBXVariantGroup;
			children = (
				D0AB2CC219280FA500913CC0 /* en */,
			);
			name = InfoPlist.strings;
			sourceTree = "<group>";
		};
/* End PBXVariantGroup section */

/* Begin XCBuildConfiguration section */
		D0AB2CC619280FA500913CC0 /* Debug */ = {
			isa = XCBuildConfiguration;
			buildSettings = {
				ALWAYS_SEARCH_USER_PATHS = NO;
				CLANG_CXX_LANGUAGE_STANDARD = "gnu++0x";
				CLANG_CXX_LIBRARY = "libc++";
				CLANG_ENABLE_MODULES = YES;
				CLANG_ENABLE_OBJC_ARC = YES;
				CLANG_WARN_BOOL_CONVERSION = YES;
				CLANG_WARN_CONSTANT_CONVERSION = YES;
				CLANG_WARN_DIRECT_OBJC_ISA_USAGE = YES_ERROR;
				CLANG_WARN_EMPTY_BODY = YES;
				CLANG_WARN_ENUM_CONVERSION = YES;
				CLANG_WARN_INT_CONVERSION = YES;
				CLANG_WARN_OBJC_ROOT_CLASS = YES_ERROR;
				CLANG_WARN__DUPLICATE_METHOD_MATCH = YES;
				"CODE_SIGN_IDENTITY[sdk=iphoneos*]" = "iPhone Developer";
				COPY_PHASE_STRIP = NO;
				GCC_C_LANGUAGE_STANDARD = gnu99;
				GCC_DYNAMIC_NO_PIC = NO;
				GCC_OPTIMIZATION_LEVEL = 0;
				GCC_PREPROCESSOR_DEFINITIONS = (
					"DEBUG=1",
					"$(inherited)",
				);
				GCC_SYMBOLS_PRIVATE_EXTERN = NO;
				GCC_WARN_64_TO_32_BIT_CONVERSION = YES;
				GCC_WARN_ABOUT_RETURN_TYPE = YES_ERROR;
				GCC_WARN_UNDECLARED_SELECTOR = YES;
				GCC_WARN_UNINITIALIZED_AUTOS = YES_AGGRESSIVE;
				GCC_WARN_UNUSED_FUNCTION = YES;
				GCC_WARN_UNUSED_VARIABLE = YES;
				IPHONEOS_DEPLOYMENT_TARGET = 7.1;
				ONLY_ACTIVE_ARCH = YES;
				SDKROOT = iphoneos;
			};
			name = Debug;
		};
		D0AB2CC719280FA500913CC0 /* Release */ = {
			isa = XCBuildConfiguration;
			buildSettings = {
				ALWAYS_SEARCH_USER_PATHS = NO;
				CLANG_CXX_LANGUAGE_STANDARD = "gnu++0x";
				CLANG_CXX_LIBRARY = "libc++";
				CLANG_ENABLE_MODULES = YES;
				CLANG_ENABLE_OBJC_ARC = YES;
				CLANG_WARN_BOOL_CONVERSION = YES;
				CLANG_WARN_CONSTANT_CONVERSION = YES;
				CLANG_WARN_DIRECT_OBJC_ISA_USAGE = YES_ERROR;
				CLANG_WARN_EMPTY_BODY = YES;
				CLANG_WARN_ENUM_CONVERSION = YES;
				CLANG_WARN_INT_CONVERSION = YES;
				CLANG_WARN_OBJC_ROOT_CLASS = YES_ERROR;
				CLANG_WARN__DUPLICATE_METHOD_MATCH = YES;
				"CODE_SIGN_IDENTITY[sdk=iphoneos*]" = "iPhone Developer";
				COPY_PHASE_STRIP = YES;
				ENABLE_NS_ASSERTIONS = NO;
				GCC_C_LANGUAGE_STANDARD = gnu99;
				GCC_WARN_64_TO_32_BIT_CONVERSION = YES;
				GCC_WARN_ABOUT_RETURN_TYPE = YES_ERROR;
				GCC_WARN_UNDECLARED_SELECTOR = YES;
				GCC_WARN_UNINITIALIZED_AUTOS = YES_AGGRESSIVE;
				GCC_WARN_UNUSED_FUNCTION = YES;
				GCC_WARN_UNUSED_VARIABLE = YES;
				IPHONEOS_DEPLOYMENT_TARGET = 7.1;
				SDKROOT = iphoneos;
				VALIDATE_PRODUCT = YES;
			};
			name = Release;
		};
		D0AB2CC919280FA500913CC0 /* Debug */ = {
			isa = XCBuildConfiguration;
			baseConfigurationReference = 339EED816E444851A3A36DEA /* Pods.xcconfig */;
			buildSettings = {
				ASSETCATALOG_COMPILER_APPICON_NAME = AppIcon;
				ASSETCATALOG_COMPILER_LAUNCHIMAGE_NAME = LaunchImage;
				CODE_SIGN_IDENTITY = "iPhone Developer";
				"CODE_SIGN_IDENTITY[sdk=iphoneos*]" = "iPhone Developer";
				GCC_PRECOMPILE_PREFIX_HEADER = YES;
				GCC_PREFIX_HEADER = "SocialMusic/SocialMusic-Prefix.pch";
				INFOPLIST_FILE = "SocialMusic/SocialMusic-Info.plist";
				PRODUCT_NAME = "$(TARGET_NAME)";
				PROVISIONING_PROFILE = "";
				WRAPPER_EXTENSION = app;
			};
			name = Debug;
		};
		D0AB2CCA19280FA500913CC0 /* Release */ = {
			isa = XCBuildConfiguration;
			baseConfigurationReference = 339EED816E444851A3A36DEA /* Pods.xcconfig */;
			buildSettings = {
				ASSETCATALOG_COMPILER_APPICON_NAME = AppIcon;
				ASSETCATALOG_COMPILER_LAUNCHIMAGE_NAME = LaunchImage;
				CODE_SIGN_IDENTITY = "iPhone Developer";
				"CODE_SIGN_IDENTITY[sdk=iphoneos*]" = "iPhone Developer";
				GCC_PRECOMPILE_PREFIX_HEADER = YES;
				GCC_PREFIX_HEADER = "SocialMusic/SocialMusic-Prefix.pch";
				INFOPLIST_FILE = "SocialMusic/SocialMusic-Info.plist";
				PRODUCT_NAME = "$(TARGET_NAME)";
				PROVISIONING_PROFILE = "";
				WRAPPER_EXTENSION = app;
			};
			name = Release;
		};
		D0AB2CCC19280FA500913CC0 /* Debug */ = {
			isa = XCBuildConfiguration;
			buildSettings = {
				BUNDLE_LOADER = "$(BUILT_PRODUCTS_DIR)/SocialMusic.app/SocialMusic";
				FRAMEWORK_SEARCH_PATHS = (
					"$(SDKROOT)/Developer/Library/Frameworks",
					"$(inherited)",
					"$(DEVELOPER_FRAMEWORKS_DIR)",
				);
				GCC_PRECOMPILE_PREFIX_HEADER = YES;
				GCC_PREFIX_HEADER = "SocialMusic/SocialMusic-Prefix.pch";
				GCC_PREPROCESSOR_DEFINITIONS = (
					"DEBUG=1",
					"$(inherited)",
				);
				INFOPLIST_FILE = "SocialMusicTests/SocialMusicTests-Info.plist";
				PRODUCT_NAME = "$(TARGET_NAME)";
				TEST_HOST = "$(BUNDLE_LOADER)";
				WRAPPER_EXTENSION = xctest;
			};
			name = Debug;
		};
		D0AB2CCD19280FA500913CC0 /* Release */ = {
			isa = XCBuildConfiguration;
			buildSettings = {
				BUNDLE_LOADER = "$(BUILT_PRODUCTS_DIR)/SocialMusic.app/SocialMusic";
				FRAMEWORK_SEARCH_PATHS = (
					"$(SDKROOT)/Developer/Library/Frameworks",
					"$(inherited)",
					"$(DEVELOPER_FRAMEWORKS_DIR)",
				);
				GCC_PRECOMPILE_PREFIX_HEADER = YES;
				GCC_PREFIX_HEADER = "SocialMusic/SocialMusic-Prefix.pch";
				INFOPLIST_FILE = "SocialMusicTests/SocialMusicTests-Info.plist";
				PRODUCT_NAME = "$(TARGET_NAME)";
				TEST_HOST = "$(BUNDLE_LOADER)";
				WRAPPER_EXTENSION = xctest;
			};
			name = Release;
		};
/* End XCBuildConfiguration section */

/* Begin XCConfigurationList section */
		D0AB2C9119280FA500913CC0 /* Build configuration list for PBXProject "SocialMusic" */ = {
			isa = XCConfigurationList;
			buildConfigurations = (
				D0AB2CC619280FA500913CC0 /* Debug */,
				D0AB2CC719280FA500913CC0 /* Release */,
			);
			defaultConfigurationIsVisible = 0;
			defaultConfigurationName = Release;
		};
		D0AB2CC819280FA500913CC0 /* Build configuration list for PBXNativeTarget "SocialMusic" */ = {
			isa = XCConfigurationList;
			buildConfigurations = (
				D0AB2CC919280FA500913CC0 /* Debug */,
				D0AB2CCA19280FA500913CC0 /* Release */,
			);
			defaultConfigurationIsVisible = 0;
			defaultConfigurationName = Release;
		};
		D0AB2CCB19280FA500913CC0 /* Build configuration list for PBXNativeTarget "SocialMusicTests" */ = {
			isa = XCConfigurationList;
			buildConfigurations = (
				D0AB2CCC19280FA500913CC0 /* Debug */,
				D0AB2CCD19280FA500913CC0 /* Release */,
			);
			defaultConfigurationIsVisible = 0;
			defaultConfigurationName = Release;
		};
/* End XCConfigurationList section */
	};
	rootObject = D0AB2C8E19280FA500913CC0 /* Project object */;
}
